# This file is automatically @generated by Cargo.
# It is not intended for manual editing.
version = 4

[[package]]
name = "agentmeter-collectors"
version = "0.1.0"
dependencies = [
 "agentmeter-core",
]

[[package]]
name = "agentmeter-core"
version = "0.1.0"

[[package]]
name = "agentmeter-desktop"
version = "0.1.0"
dependencies = [
 "agentmeter-core",
]

[[package]]
name = "agentmeter-pricing"
version = "0.1.0"
dependencies = [
 "agentmeter-core",
]

[[package]]
name = "agentmeter-storage"
version = "0.1.0"
dependencies = [
 "agentmeter-core",
]
